
Microsoft Visual Studio Solution File, Format Version 12.00
Project("{FAE04EC0-301F-11D3-BF4B-00C04F79EFBC}") = "KickstarterAPI", "KickstarterAPI\KickstarterAPI.csproj", "{966FAAAA-CB14-4E41-A7F3-F921033CAE05}"
EndProject
Project("{FAE04EC0-301F-11D3-BF4B-00C04F79EFBC}") = "ApplicationCore", "ApplicationCore\ApplicationCore.csproj", "{3BB98E1B-4C18-4961-BEF9-558CDC70EDFC}"
EndProject
Project("{FAE04EC0-301F-11D3-BF4B-00C04F79EFBC}") = "Infractructure", "Infractructure\Infractructure.csproj", "{66AEFAC3-8A02-4136-A110-D9082F126D6C}"
EndProject
Project("{FAE04EC0-301F-11D3-BF4B-00C04F79EFBC}") = "Tests", "Tests\Tests.csproj", "{AD446688-E149-437A-8EF3-F403EFD3DC0A}"
EndProject
Global
	GlobalSection(SolutionConfigurationPlatforms) = preSolution
		Debug|Any CPU = Debug|Any CPU
		Release|Any CPU = Release|Any CPU
	EndGlobalSection
	GlobalSection(ProjectConfigurationPlatforms) = postSolution
		{966FAAAA-CB14-4E41-A7F3-F921033CAE05}.Debug|Any CPU.ActiveCfg = Debug|Any CPU
		{966FAAAA-CB14-4E41-A7F3-F921033CAE05}.Debug|Any CPU.Build.0 = Debug|Any CPU
		{966FAAAA-CB14-4E41-A7F3-F921033CAE05}.Release|Any CPU.ActiveCfg = Release|Any CPU
		{966FAAAA-CB14-4E41-A7F3-F921033CAE05}.Release|Any CPU.Build.0 = Release|Any CPU
		{3BB98E1B-4C18-4961-BEF9-558CDC70EDFC}.Debug|Any CPU.ActiveCfg = Debug|Any CPU
		{3BB98E1B-4C18-4961-BEF9-558CDC70EDFC}.Debug|Any CPU.Build.0 = Debug|Any CPU
		{3BB98E1B-4C18-4961-BEF9-558CDC70EDFC}.Release|Any CPU.ActiveCfg = Release|Any CPU
		{3BB98E1B-4C18-4961-BEF9-558CDC70EDFC}.Release|Any CPU.Build.0 = Release|Any CPU
		{66AEFAC3-8A02-4136-A110-D9082F126D6C}.Debug|Any CPU.ActiveCfg = Debug|Any CPU
		{66AEFAC3-8A02-4136-A110-D9082F126D6C}.Debug|Any CPU.Build.0 = Debug|Any CPU
		{66AEFAC3-8A02-4136-A110-D9082F126D6C}.Release|Any CPU.ActiveCfg = Release|Any CPU
		{66AEFAC3-8A02-4136-A110-D9082F126D6C}.Release|Any CPU.Build.0 = Release|Any CPU
		{AD446688-E149-437A-8EF3-F403EFD3DC0A}.Debug|Any CPU.ActiveCfg = Debug|Any CPU
		{AD446688-E149-437A-8EF3-F403EFD3DC0A}.Debug|Any CPU.Build.0 = Debug|Any CPU
		{AD446688-E149-437A-8EF3-F403EFD3DC0A}.Release|Any CPU.ActiveCfg = Release|Any CPU
		{AD446688-E149-437A-8EF3-F403EFD3DC0A}.Release|Any CPU.Build.0 = Release|Any CPU
	EndGlobalSection
EndGlobal
